// !$*UTF8*$!
{
	archiveVersion = 1;
	classes = {
	};
	objectVersion = 46;
	objects = {

/* Begin PBXAggregateTarget section */
		F9BD5C1F1E774A85BE06AA45 /* ALL_BUILD */ = {
			isa = PBXAggregateTarget;
			buildConfigurationList = 896BA666DD01492694BB4090 /* Build configuration list for PBXAggregateTarget "ALL_BUILD" */;
			buildPhases = (
				EAD317541DC1475D9B6D1784 /* CMake Rules */,
			);
			dependencies = (
				E2980B617DDF4232896D1500 /* PBXTargetDependency */,
				66103FE2AC95413F80F4FE0B /* PBXTargetDependency */,
			);
			name = ALL_BUILD;
			productName = ALL_BUILD;
		};
		FAF63A8E0BB14ED58B1F8918 /* ZERO_CHECK */ = {
			isa = PBXAggregateTarget;
			buildConfigurationList = 10E97042A61247EEB39EF8C8 /* Build configuration list for PBXAggregateTarget "ZERO_CHECK" */;
			buildPhases = (
				705337C998404B35A188BF9E /* CMake Rules */,
			);
			dependencies = (
			);
			name = ZERO_CHECK;
			productName = ZERO_CHECK;
		};
/* End PBXAggregateTarget section */

/* Begin PBXBuildFile section */
		E9443665A64F449F88D1290A /* main.cpp in Sources */ = {isa = PBXBuildFile; fileRef = 6DBF56AC47A540CCAA3B56A4 /* main.cpp */; };
		F786158C0EE647B285A7A493 /* particle_filter.cpp in Sources */ = {isa = PBXBuildFile; fileRef = D19D3163FE16450D8B433EFE /* particle_filter.cpp */; };
/* End PBXBuildFile section */

/* Begin PBXContainerItemProxy section */
		644983DB48EC4CB29E760F95 /* PBXContainerItemProxy */ = {
			isa = PBXContainerItemProxy;
			containerPortal = 702AC7C317954132BF5F476A /* Project object */;
			proxyType = 1;
			remoteGlobalIDString = FAF63A8E0BB14ED58B1F8918;
			remoteInfo = ZERO_CHECK;
		};
		73A53169001A425B864064D0 /* PBXContainerItemProxy */ = {
			isa = PBXContainerItemProxy;
			containerPortal = 702AC7C317954132BF5F476A /* Project object */;
			proxyType = 1;
			remoteGlobalIDString = AA2D08D157474FFE96106071;
			remoteInfo = particle_filter;
		};
		96E4A533E2CE40748CCF717A /* PBXContainerItemProxy */ = {
			isa = PBXContainerItemProxy;
			containerPortal = 702AC7C317954132BF5F476A /* Project object */;
			proxyType = 1;
			remoteGlobalIDString = FAF63A8E0BB14ED58B1F8918;
			remoteInfo = ZERO_CHECK;
		};
/* End PBXContainerItemProxy section */

/* Begin PBXFileReference section */
		4C4DEFCB4C0A4327AFCC8E33 /* particle_filter */ = {isa = PBXFileReference; explicitFileType = "compiled.mach-o.executable"; path = particle_filter; sourceTree = BUILT_PRODUCTS_DIR; };
		6DBF56AC47A540CCAA3B56A4 /* main.cpp */ = {isa = PBXFileReference; explicitFileType = sourcecode.cpp.cpp; fileEncoding = 4; name = main.cpp; path = src/main.cpp; sourceTree = SOURCE_ROOT; };
		BA84DAB9E9B949B893EF42E7 /* CMakeLists.txt */ = {isa = PBXFileReference; explicitFileType = sourcecode.text; fileEncoding = 4; lastKnownFileType = text; path = CMakeLists.txt; sourceTree = SOURCE_ROOT; };
		CC3198585683455EBE63E14A /* CMakeLists.txt */ = {isa = PBXFileReference; explicitFileType = sourcecode.text; fileEncoding = 4; lastKnownFileType = text; path = CMakeLists.txt; sourceTree = SOURCE_ROOT; };
		D19D3163FE16450D8B433EFE /* particle_filter.cpp */ = {isa = PBXFileReference; explicitFileType = sourcecode.cpp.cpp; fileEncoding = 4; name = particle_filter.cpp; path = src/particle_filter.cpp; sourceTree = SOURCE_ROOT; };
		D9C2C598246D44DBBD1EFBEF /* CMakeLists.txt */ = {isa = PBXFileReference; explicitFileType = sourcecode.text; fileEncoding = 4; lastKnownFileType = text; path = CMakeLists.txt; sourceTree = SOURCE_ROOT; };
/* End PBXFileReference section */

/* Begin PBXGroup section */
		0CAF332879FF4E06A4DEFF65 /* Sources */ = {
			isa = PBXGroup;
			children = (
				4B1F2E6982E242C38DC11288 /* particle_filter */,
				BF93EA92FC2E4AD9B9808670 /* ALL_BUILD */,
				5CC3C53BAED54E039768710B /* ZERO_CHECK */,
			);
			name = Sources;
			sourceTree = "<group>";
		};
		1D259375C9D143A8B306F6E3 /* Source Files */ = {
			isa = PBXGroup;
			children = (
				6DBF56AC47A540CCAA3B56A4 /* main.cpp */,
				D19D3163FE16450D8B433EFE /* particle_filter.cpp */,
			);
			name = "Source Files";
			sourceTree = "<group>";
		};
		4B1F2E6982E242C38DC11288 /* particle_filter */ = {
			isa = PBXGroup;
			children = (
				1D259375C9D143A8B306F6E3 /* Source Files */,
				D9C2C598246D44DBBD1EFBEF /* CMakeLists.txt */,
			);
			name = particle_filter;
			sourceTree = "<group>";
		};
		586FCE8995A74419BA184D88 = {
			isa = PBXGroup;
			children = (
				0CAF332879FF4E06A4DEFF65 /* Sources */,
				FD4847433D874FDA8C068926 /* Resources */,
				B7CDA88CE42146CA91C3AFBA /* Products */,
			);
			sourceTree = "<group>";
		};
		5CC3C53BAED54E039768710B /* ZERO_CHECK */ = {
			isa = PBXGroup;
			children = (
				6FA48E1BFFC94F2B80A25C8D /* CMake Rules */,
				CC3198585683455EBE63E14A /* CMakeLists.txt */,
			);
			name = ZERO_CHECK;
			sourceTree = "<group>";
		};
		6FA48E1BFFC94F2B80A25C8D /* CMake Rules */ = {
			isa = PBXGroup;
			children = (
			);
			name = "CMake Rules";
			sourceTree = "<group>";
		};
		B7CDA88CE42146CA91C3AFBA /* Products */ = {
			isa = PBXGroup;
			children = (
				4C4DEFCB4C0A4327AFCC8E33 /* particle_filter */,
			);
			name = Products;
			sourceTree = "<group>";
		};
		BF93EA92FC2E4AD9B9808670 /* ALL_BUILD */ = {
			isa = PBXGroup;
			children = (
				CC8845DB0E064A979D42E489 /* CMake Rules */,
				BA84DAB9E9B949B893EF42E7 /* CMakeLists.txt */,
			);
			name = ALL_BUILD;
			sourceTree = "<group>";
		};
		CC8845DB0E064A979D42E489 /* CMake Rules */ = {
			isa = PBXGroup;
			children = (
			);
			name = "CMake Rules";
			sourceTree = "<group>";
		};
		FD4847433D874FDA8C068926 /* Resources */ = {
			isa = PBXGroup;
			children = (
			);
			name = Resources;
			sourceTree = "<group>";
		};
/* End PBXGroup section */

/* Begin PBXNativeTarget section */
		AA2D08D157474FFE96106071 /* particle_filter */ = {
			isa = PBXNativeTarget;
			buildConfigurationList = 7824877E0346420BA2FB718C /* Build configuration list for PBXNativeTarget "particle_filter" */;
			buildPhases = (
				C207A989826542F5B4FD0C76 /* Sources */,
			);
			buildRules = (
			);
			dependencies = (
				D18518677CA04DE2818F749B /* PBXTargetDependency */,
			);
			name = particle_filter;
			productName = particle_filter;
			productReference = 4C4DEFCB4C0A4327AFCC8E33 /* particle_filter */;
			productType = "com.apple.product-type.tool";
		};
/* End PBXNativeTarget section */

/* Begin PBXProject section */
		702AC7C317954132BF5F476A /* Project object */ = {
			isa = PBXProject;
			attributes = {
				BuildIndependentTargetsInParallel = YES;
				KnownAssetTags = (
					New,
				);
				LastUpgradeCheck = 0830;
			};
			buildConfigurationList = 781613B00E2D4BD59BEE9EB3 /* Build configuration list for PBXProject "PARTICLE_FILTER" */;
			compatibilityVersion = "Xcode 3.2";
			developmentRegion = English;
			hasScannedForEncodings = 0;
			knownRegions = (
				en,
			);
			mainGroup = 586FCE8995A74419BA184D88;
			projectDirPath = ../../;
			projectRoot = "";
			targets = (
				F9BD5C1F1E774A85BE06AA45 /* ALL_BUILD */,
				FAF63A8E0BB14ED58B1F8918 /* ZERO_CHECK */,
				AA2D08D157474FFE96106071 /* particle_filter */,
			);
		};
/* End PBXProject section */

/* Begin PBXShellScriptBuildPhase section */
		705337C998404B35A188BF9E /* CMake Rules */ = {
			isa = PBXShellScriptBuildPhase;
			buildActionMask = 2147483647;
			files = (
			);
			name = "CMake Rules";
			runOnlyForDeploymentPostprocessing = 0;
			shellPath = /bin/sh;
			shellScript = "make -C /Users/zhongming/APP/Udacity-SelfDrvingCar/CarND-Kidnapped-Vehicle-Project/ide_profiles/xcode -f /Users/zhongming/APP/Udacity-SelfDrvingCar/CarND-Kidnapped-Vehicle-Project/ide_profiles/xcode/CMakeScripts/ZERO_CHECK_cmakeRulesBuildPhase.make$CONFIGURATION all";
			showEnvVarsInLog = 0;
		};
		EAD317541DC1475D9B6D1784 /* CMake Rules */ = {
			isa = PBXShellScriptBuildPhase;
			buildActionMask = 2147483647;
			files = (
			);
			name = "CMake Rules";
			runOnlyForDeploymentPostprocessing = 0;
			shellPath = /bin/sh;
			shellScript = "make -C /Users/zhongming/APP/Udacity-SelfDrvingCar/CarND-Kidnapped-Vehicle-Project/ide_profiles/xcode -f /Users/zhongming/APP/Udacity-SelfDrvingCar/CarND-Kidnapped-Vehicle-Project/ide_profiles/xcode/CMakeScripts/ALL_BUILD_cmakeRulesBuildPhase.make$CONFIGURATION all";
			showEnvVarsInLog = 0;
		};
/* End PBXShellScriptBuildPhase section */

/* Begin PBXSourcesBuildPhase section */
		C207A989826542F5B4FD0C76 /* Sources */ = {
			isa = PBXSourcesBuildPhase;
			buildActionMask = 2147483647;
			files = (
				E9443665A64F449F88D1290A /* main.cpp in Sources */,
				F786158C0EE647B285A7A493 /* particle_filter.cpp in Sources */,
			);
			runOnlyForDeploymentPostprocessing = 0;
		};
/* End PBXSourcesBuildPhase section */

/* Begin PBXTargetDependency section */
		66103FE2AC95413F80F4FE0B /* PBXTargetDependency */ = {
			isa = PBXTargetDependency;
			target = FAF63A8E0BB14ED58B1F8918 /* ZERO_CHECK */;
			targetProxy = 644983DB48EC4CB29E760F95 /* PBXContainerItemProxy */;
		};
		D18518677CA04DE2818F749B /* PBXTargetDependency */ = {
			isa = PBXTargetDependency;
			target = FAF63A8E0BB14ED58B1F8918 /* ZERO_CHECK */;
			targetProxy = 96E4A533E2CE40748CCF717A /* PBXContainerItemProxy */;
		};
		E2980B617DDF4232896D1500 /* PBXTargetDependency */ = {
			isa = PBXTargetDependency;
			target = AA2D08D157474FFE96106071 /* particle_filter */;
			targetProxy = 73A53169001A425B864064D0 /* PBXContainerItemProxy */;
		};
/* End PBXTargetDependency section */

/* Begin XCBuildConfiguration section */
		0DCD9BA07F6143ED9091EAA5 /* Debug */ = {
			isa = XCBuildConfiguration;
			buildSettings = {
				ONLY_ACTIVE_ARCH = YES;
				SDKROOT = /Applications/Xcode.app/Contents/Developer/Platforms/MacOSX.platform/Developer/SDKs/MacOSX10.12.sdk;
				SYMROOT = "/Users/zhongming/APP/Udacity-SelfDrvingCar/CarND-Kidnapped-Vehicle-Project/ide_profiles/xcode/build";
			};
			name = Debug;
		};
		19C44FC45A8D4CF4AA3E14A2 /* RelWithDebInfo */ = {
			isa = XCBuildConfiguration;
			buildSettings = {
				ONLY_ACTIVE_ARCH = YES;
				SDKROOT = /Applications/Xcode.app/Contents/Developer/Platforms/MacOSX.platform/Developer/SDKs/MacOSX10.12.sdk;
				SYMROOT = "/Users/zhongming/APP/Udacity-SelfDrvingCar/CarND-Kidnapped-Vehicle-Project/ide_profiles/xcode/build";
			};
			name = RelWithDebInfo;
		};
		374A144E4A804184A74CDFFD /* Debug */ = {
			isa = XCBuildConfiguration;
			buildSettings = {
				COMBINE_HIDPI_IMAGES = YES;
				GCC_GENERATE_DEBUGGING_SYMBOLS = YES;
				GCC_INLINES_ARE_PRIVATE_EXTERN = NO;
				GCC_OPTIMIZATION_LEVEL = 0;
				GCC_PREPROCESSOR_DEFINITIONS = "'CMAKE_INTDIR=\"$(CONFIGURATION)$(EFFECTIVE_PLATFORM_NAME)\"'";
				GCC_SYMBOLS_PRIVATE_EXTERN = NO;
				HEADER_SEARCH_PATHS = (
					/usr/local/include,
					/usr/local/opt/openssl/include,
				);
				INSTALL_PATH = "";
				OTHER_LDFLAGS = " ";
				OTHER_REZFLAGS = "";
				PRODUCT_NAME = ZERO_CHECK;
				SECTORDER_FLAGS = "";
				SYMROOT = "/Users/zhongming/APP/Udacity-SelfDrvingCar/CarND-Kidnapped-Vehicle-Project/ide_profiles/xcode";
				USE_HEADERMAP = NO;
				WARNING_CFLAGS = (
					"-Wmost",
					"-Wno-four-char-constants",
					"-Wno-unknown-pragmas",
					"$(inherited)",
				);
			};
			name = Debug;
		};
		3C21E9C3A7034D68A06D2F32 /* Release */ = {
			isa = XCBuildConfiguration;
			buildSettings = {
				COMBINE_HIDPI_IMAGES = YES;
				EXECUTABLE_PREFIX = "";
				EXECUTABLE_SUFFIX = "";
				GCC_GENERATE_DEBUGGING_SYMBOLS = NO;
				GCC_INLINES_ARE_PRIVATE_EXTERN = NO;
				GCC_OPTIMIZATION_LEVEL = 3;
				GCC_PREPROCESSOR_DEFINITIONS = "'CMAKE_INTDIR=\"$(CONFIGURATION)$(EFFECTIVE_PLATFORM_NAME)\"'";
				GCC_SYMBOLS_PRIVATE_EXTERN = NO;
				HEADER_SEARCH_PATHS = (
					/usr/local/include,
					/usr/local/opt/openssl/include,
				);
				INSTALL_PATH = "";
				LD_RUNPATH_SEARCH_PATHS = "/usr/local/lib /usr/local/opt/openssl/lib /usr/local/Cellar/libuv/1.11.0/lib";
				LIBRARY_SEARCH_PATHS = (
					"/usr/local/lib/$(CONFIGURATION)$(EFFECTIVE_PLATFORM_NAME)",
					/usr/local/lib,
					"/usr/local/opt/openssl/lib/$(CONFIGURATION)$(EFFECTIVE_PLATFORM_NAME)",
					/usr/local/opt/openssl/lib,
					"/usr/local/Cellar/libuv/1.11.0/lib/$(CONFIGURATION)$(EFFECTIVE_PLATFORM_NAME)",
					/usr/local/Cellar/libuv/1.11.0/lib,
				);
				OTHER_CPLUSPLUSFLAGS = (
					"-DNDEBUG",
					"-I/usr/local/include",
					"-I/usr/local/opt/openssl/include",
					"-std=c++11",
				);
				OTHER_LDFLAGS = (
					"-Wl,-search_paths_first",
					"-Wl,-headerpad_max_install_names",
					"-lz",
					"-lssl",
					"-luv",
					"-luWS",
				);
				OTHER_REZFLAGS = "";
				PRODUCT_NAME = particle_filter;
				SECTORDER_FLAGS = "";
				SYMROOT = "/Users/zhongming/APP/Udacity-SelfDrvingCar/CarND-Kidnapped-Vehicle-Project/ide_profiles/xcode";
				USE_HEADERMAP = NO;
				WARNING_CFLAGS = (
					"-Wmost",
					"-Wno-four-char-constants",
					"-Wno-unknown-pragmas",
					"$(inherited)",
				);
			};
			name = Release;
		};
		4DAD3625AD4C4883AF431E16 /* Debug */ = {
			isa = XCBuildConfiguration;
			buildSettings = {
				COMBINE_HIDPI_IMAGES = YES;
				EXECUTABLE_PREFIX = "";
				EXECUTABLE_SUFFIX = "";
				GCC_GENERATE_DEBUGGING_SYMBOLS = YES;
				GCC_INLINES_ARE_PRIVATE_EXTERN = NO;
				GCC_OPTIMIZATION_LEVEL = 0;
				GCC_PREPROCESSOR_DEFINITIONS = "'CMAKE_INTDIR=\"$(CONFIGURATION)$(EFFECTIVE_PLATFORM_NAME)\"'";
				GCC_SYMBOLS_PRIVATE_EXTERN = NO;
				HEADER_SEARCH_PATHS = (
					/usr/local/include,
					/usr/local/opt/openssl/include,
				);
				INSTALL_PATH = "";
				LD_RUNPATH_SEARCH_PATHS = "/usr/local/lib /usr/local/opt/openssl/lib /usr/local/Cellar/libuv/1.11.0/lib";
				LIBRARY_SEARCH_PATHS = (
					"/usr/local/lib/$(CONFIGURATION)$(EFFECTIVE_PLATFORM_NAME)",
					/usr/local/lib,
					"/usr/local/opt/openssl/lib/$(CONFIGURATION)$(EFFECTIVE_PLATFORM_NAME)",
					/usr/local/opt/openssl/lib,
					"/usr/local/Cellar/libuv/1.11.0/lib/$(CONFIGURATION)$(EFFECTIVE_PLATFORM_NAME)",
					/usr/local/Cellar/libuv/1.11.0/lib,
				);
				OTHER_CPLUSPLUSFLAGS = (
					"-I/usr/local/include",
					"-I/usr/local/opt/openssl/include",
					"-std=c++11",
				);
				OTHER_LDFLAGS = (
					"-Wl,-search_paths_first",
					"-Wl,-headerpad_max_install_names",
					"-lz",
					"-lssl",
					"-luv",
					"-luWS",
				);
				OTHER_REZFLAGS = "";
				PRODUCT_NAME = particle_filter;
				SECTORDER_FLAGS = "";
				SYMROOT = "/Users/zhongming/APP/Udacity-SelfDrvingCar/CarND-Kidnapped-Vehicle-Project/ide_profiles/xcode";
				USE_HEADERMAP = NO;
				WARNING_CFLAGS = (
					"-Wmost",
					"-Wno-four-char-constants",
					"-Wno-unknown-pragmas",
					"$(inherited)",
				);
			};
			name = Debug;
		};
		4DF7DA5B635B45F79CE83E61 /* RelWithDebInfo */ = {
			isa = XCBuildConfiguration;
			buildSettings = {
				COMBINE_HIDPI_IMAGES = YES;
				EXECUTABLE_PREFIX = "";
				EXECUTABLE_SUFFIX = "";
				GCC_GENERATE_DEBUGGING_SYMBOLS = YES;
				GCC_INLINES_ARE_PRIVATE_EXTERN = NO;
				GCC_OPTIMIZATION_LEVEL = 2;
				GCC_PREPROCESSOR_DEFINITIONS = "'CMAKE_INTDIR=\"$(CONFIGURATION)$(EFFECTIVE_PLATFORM_NAME)\"'";
				GCC_SYMBOLS_PRIVATE_EXTERN = NO;
				HEADER_SEARCH_PATHS = (
					/usr/local/include,
					/usr/local/opt/openssl/include,
				);
				INSTALL_PATH = "";
				LD_RUNPATH_SEARCH_PATHS = "/usr/local/lib /usr/local/opt/openssl/lib /usr/local/Cellar/libuv/1.11.0/lib";
				LIBRARY_SEARCH_PATHS = (
					"/usr/local/lib/$(CONFIGURATION)$(EFFECTIVE_PLATFORM_NAME)",
					/usr/local/lib,
					"/usr/local/opt/openssl/lib/$(CONFIGURATION)$(EFFECTIVE_PLATFORM_NAME)",
					/usr/local/opt/openssl/lib,
					"/usr/local/Cellar/libuv/1.11.0/lib/$(CONFIGURATION)$(EFFECTIVE_PLATFORM_NAME)",
					/usr/local/Cellar/libuv/1.11.0/lib,
				);
				OTHER_CPLUSPLUSFLAGS = (
					"-DNDEBUG",
					"-I/usr/local/include",
					"-I/usr/local/opt/openssl/include",
					"-std=c++11",
				);
				OTHER_LDFLAGS = (
					"-Wl,-search_paths_first",
					"-Wl,-headerpad_max_install_names",
					"-lz",
					"-lssl",
					"-luv",
					"-luWS",
				);
				OTHER_REZFLAGS = "";
				PRODUCT_NAME = particle_filter;
				SECTORDER_FLAGS = "";
				SYMROOT = "/Users/zhongming/APP/Udacity-SelfDrvingCar/CarND-Kidnapped-Vehicle-Project/ide_profiles/xcode";
				USE_HEADERMAP = NO;
				WARNING_CFLAGS = (
					"-Wmost",
					"-Wno-four-char-constants",
					"-Wno-unknown-pragmas",
					"$(inherited)",
				);
			};
			name = RelWithDebInfo;
		};
		4E13ED6FD2574D8A8EF4497C /* MinSizeRel */ = {
			isa = XCBuildConfiguration;
			buildSettings = {
				COMBINE_HIDPI_IMAGES = YES;
				EXECUTABLE_PREFIX = "";
				EXECUTABLE_SUFFIX = "";
				GCC_GENERATE_DEBUGGING_SYMBOLS = NO;
				GCC_INLINES_ARE_PRIVATE_EXTERN = NO;
				GCC_OPTIMIZATION_LEVEL = s;
				GCC_PREPROCESSOR_DEFINITIONS = "'CMAKE_INTDIR=\"$(CONFIGURATION)$(EFFECTIVE_PLATFORM_NAME)\"'";
				GCC_SYMBOLS_PRIVATE_EXTERN = NO;
				HEADER_SEARCH_PATHS = (
					/usr/local/include,
					/usr/local/opt/openssl/include,
				);
				INSTALL_PATH = "";
				LD_RUNPATH_SEARCH_PATHS = "/usr/local/lib /usr/local/opt/openssl/lib /usr/local/Cellar/libuv/1.11.0/lib";
				LIBRARY_SEARCH_PATHS = (
					"/usr/local/lib/$(CONFIGURATION)$(EFFECTIVE_PLATFORM_NAME)",
					/usr/local/lib,
					"/usr/local/opt/openssl/lib/$(CONFIGURATION)$(EFFECTIVE_PLATFORM_NAME)",
					/usr/local/opt/openssl/lib,
					"/usr/local/Cellar/libuv/1.11.0/lib/$(CONFIGURATION)$(EFFECTIVE_PLATFORM_NAME)",
					/usr/local/Cellar/libuv/1.11.0/lib,
				);
				OTHER_CPLUSPLUSFLAGS = (
					"-DNDEBUG",
					"-I/usr/local/include",
					"-I/usr/local/opt/openssl/include",
					"-std=c++11",
				);
				OTHER_LDFLAGS = (
					"-Wl,-search_paths_first",
					"-Wl,-headerpad_max_install_names",
					"-lz",
					"-lssl",
					"-luv",
					"-luWS",
				);
				OTHER_REZFLAGS = "";
				PRODUCT_NAME = particle_filter;
				SECTORDER_FLAGS = "";
				SYMROOT = "/Users/zhongming/APP/Udacity-SelfDrvingCar/CarND-Kidnapped-Vehicle-Project/ide_profiles/xcode";
				USE_HEADERMAP = NO;
				WARNING_CFLAGS = (
					"-Wmost",
					"-Wno-four-char-constants",
					"-Wno-unknown-pragmas",
					"$(inherited)",
				);
			};
			name = MinSizeRel;
		};
		56653FA35D6E4B02857E9AD2 /* Release */ = {
			isa = XCBuildConfiguration;
			buildSettings = {
				COMBINE_HIDPI_IMAGES = YES;
				GCC_GENERATE_DEBUGGING_SYMBOLS = YES;
				GCC_INLINES_ARE_PRIVATE_EXTERN = NO;
				GCC_OPTIMIZATION_LEVEL = 0;
				GCC_PREPROCESSOR_DEFINITIONS = "'CMAKE_INTDIR=\"$(CONFIGURATION)$(EFFECTIVE_PLATFORM_NAME)\"'";
				GCC_SYMBOLS_PRIVATE_EXTERN = NO;
				HEADER_SEARCH_PATHS = (
					/usr/local/include,
					/usr/local/opt/openssl/include,
				);
				INSTALL_PATH = "";
				OTHER_LDFLAGS = " ";
				OTHER_REZFLAGS = "";
				PRODUCT_NAME = ALL_BUILD;
				SECTORDER_FLAGS = "";
				SYMROOT = "/Users/zhongming/APP/Udacity-SelfDrvingCar/CarND-Kidnapped-Vehicle-Project/ide_profiles/xcode";
				USE_HEADERMAP = NO;
				WARNING_CFLAGS = (
					"-Wmost",
					"-Wno-four-char-constants",
					"-Wno-unknown-pragmas",
					"$(inherited)",
				);
			};
			name = Release;
		};
		5AAA118305214FAFAE08BC44 /* MinSizeRel */ = {
			isa = XCBuildConfiguration;
			buildSettings = {
				ONLY_ACTIVE_ARCH = YES;
				SDKROOT = /Applications/Xcode.app/Contents/Developer/Platforms/MacOSX.platform/Developer/SDKs/MacOSX10.12.sdk;
				SYMROOT = "/Users/zhongming/APP/Udacity-SelfDrvingCar/CarND-Kidnapped-Vehicle-Project/ide_profiles/xcode/build";
			};
			name = MinSizeRel;
		};
		77730AD15FE34B68B01E239B /* Release */ = {
			isa = XCBuildConfiguration;
			buildSettings = {
				COMBINE_HIDPI_IMAGES = YES;
				GCC_GENERATE_DEBUGGING_SYMBOLS = YES;
				GCC_INLINES_ARE_PRIVATE_EXTERN = NO;
				GCC_OPTIMIZATION_LEVEL = 0;
				GCC_PREPROCESSOR_DEFINITIONS = "'CMAKE_INTDIR=\"$(CONFIGURATION)$(EFFECTIVE_PLATFORM_NAME)\"'";
				GCC_SYMBOLS_PRIVATE_EXTERN = NO;
				HEADER_SEARCH_PATHS = (
					/usr/local/include,
					/usr/local/opt/openssl/include,
				);
				INSTALL_PATH = "";
				OTHER_LDFLAGS = " ";
				OTHER_REZFLAGS = "";
				PRODUCT_NAME = ZERO_CHECK;
				SECTORDER_FLAGS = "";
				SYMROOT = "/Users/zhongming/APP/Udacity-SelfDrvingCar/CarND-Kidnapped-Vehicle-Project/ide_profiles/xcode";
				USE_HEADERMAP = NO;
				WARNING_CFLAGS = (
					"-Wmost",
					"-Wno-four-char-constants",
					"-Wno-unknown-pragmas",
					"$(inherited)",
				);
			};
			name = Release;
		};
		8DDC00BCBD3E4492A5EB89DA /* Debug */ = {
			isa = XCBuildConfiguration;
			buildSettings = {
				COMBINE_HIDPI_IMAGES = YES;
				GCC_GENERATE_DEBUGGING_SYMBOLS = YES;
				GCC_INLINES_ARE_PRIVATE_EXTERN = NO;
				GCC_OPTIMIZATION_LEVEL = 0;
				GCC_PREPROCESSOR_DEFINITIONS = "'CMAKE_INTDIR=\"$(CONFIGURATION)$(EFFECTIVE_PLATFORM_NAME)\"'";
				GCC_SYMBOLS_PRIVATE_EXTERN = NO;
				HEADER_SEARCH_PATHS = (
					/usr/local/include,
					/usr/local/opt/openssl/include,
				);
				INSTALL_PATH = "";
				OTHER_LDFLAGS = " ";
				OTHER_REZFLAGS = "";
				PRODUCT_NAME = ALL_BUILD;
				SECTORDER_FLAGS = "";
				SYMROOT = "/Users/zhongming/APP/Udacity-SelfDrvingCar/CarND-Kidnapped-Vehicle-Project/ide_profiles/xcode";
				USE_HEADERMAP = NO;
				WARNING_CFLAGS = (
					"-Wmost",
					"-Wno-four-char-constants",
					"-Wno-unknown-pragmas",
					"$(inherited)",
				);
			};
			name = Debug;
		};
		9C74AF4C83E64BA8AA38DEA0 /* RelWithDebInfo */ = {
			isa = XCBuildConfiguration;
			buildSettings = {
				COMBINE_HIDPI_IMAGES = YES;
				GCC_GENERATE_DEBUGGING_SYMBOLS = YES;
				GCC_INLINES_ARE_PRIVATE_EXTERN = NO;
				GCC_OPTIMIZATION_LEVEL = 0;
				GCC_PREPROCESSOR_DEFINITIONS = "'CMAKE_INTDIR=\"$(CONFIGURATION)$(EFFECTIVE_PLATFORM_NAME)\"'";
				GCC_SYMBOLS_PRIVATE_EXTERN = NO;
				HEADER_SEARCH_PATHS = (
					/usr/local/include,
					/usr/local/opt/openssl/include,
				);
				INSTALL_PATH = "";
				OTHER_LDFLAGS = " ";
				OTHER_REZFLAGS = "";
				PRODUCT_NAME = ALL_BUILD;
				SECTORDER_FLAGS = "";
				SYMROOT = "/Users/zhongming/APP/Udacity-SelfDrvingCar/CarND-Kidnapped-Vehicle-Project/ide_profiles/xcode";
				USE_HEADERMAP = NO;
				WARNING_CFLAGS = (
					"-Wmost",
					"-Wno-four-char-constants",
					"-Wno-unknown-pragmas",
					"$(inherited)",
				);
			};
			name = RelWithDebInfo;
		};
		AF61114750C94CC2B143425E /* MinSizeRel */ = {
			isa = XCBuildConfiguration;
			buildSettings = {
				COMBINE_HIDPI_IMAGES = YES;
				GCC_GENERATE_DEBUGGING_SYMBOLS = YES;
				GCC_INLINES_ARE_PRIVATE_EXTERN = NO;
				GCC_OPTIMIZATION_LEVEL = 0;
				GCC_PREPROCESSOR_DEFINITIONS = "'CMAKE_INTDIR=\"$(CONFIGURATION)$(EFFECTIVE_PLATFORM_NAME)\"'";
				GCC_SYMBOLS_PRIVATE_EXTERN = NO;
				HEADER_SEARCH_PATHS = (
					/usr/local/include,
					/usr/local/opt/openssl/include,
				);
				INSTALL_PATH = "";
				OTHER_LDFLAGS = " ";
				OTHER_REZFLAGS = "";
				PRODUCT_NAME = ZERO_CHECK;
				SECTORDER_FLAGS = "";
				SYMROOT = "/Users/zhongming/APP/Udacity-SelfDrvingCar/CarND-Kidnapped-Vehicle-Project/ide_profiles/xcode";
				USE_HEADERMAP = NO;
				WARNING_CFLAGS = (
					"-Wmost",
					"-Wno-four-char-constants",
					"-Wno-unknown-pragmas",
					"$(inherited)",
				);
			};
			name = MinSizeRel;
		};
		E43C88417E104475A2058825 /* RelWithDebInfo */ = {
			isa = XCBuildConfiguration;
			buildSettings = {
				COMBINE_HIDPI_IMAGES = YES;
				GCC_GENERATE_DEBUGGING_SYMBOLS = YES;
				GCC_INLINES_ARE_PRIVATE_EXTERN = NO;
				GCC_OPTIMIZATION_LEVEL = 0;
				GCC_PREPROCESSOR_DEFINITIONS = "'CMAKE_INTDIR=\"$(CONFIGURATION)$(EFFECTIVE_PLATFORM_NAME)\"'";
				GCC_SYMBOLS_PRIVATE_EXTERN = NO;
				HEADER_SEARCH_PATHS = (
					/usr/local/include,
					/usr/local/opt/openssl/include,
				);
				INSTALL_PATH = "";
				OTHER_LDFLAGS = " ";
				OTHER_REZFLAGS = "";
				PRODUCT_NAME = ZERO_CHECK;
				SECTORDER_FLAGS = "";
				SYMROOT = "/Users/zhongming/APP/Udacity-SelfDrvingCar/CarND-Kidnapped-Vehicle-Project/ide_profiles/xcode";
				USE_HEADERMAP = NO;
				WARNING_CFLAGS = (
					"-Wmost",
					"-Wno-four-char-constants",
					"-Wno-unknown-pragmas",
					"$(inherited)",
				);
			};
			name = RelWithDebInfo;
		};
		E51E81576A1A4C779E7B65B2 /* Release */ = {
			isa = XCBuildConfiguration;
			buildSettings = {
				ONLY_ACTIVE_ARCH = YES;
				SDKROOT = /Applications/Xcode.app/Contents/Developer/Platforms/MacOSX.platform/Developer/SDKs/MacOSX10.12.sdk;
				SYMROOT = "/Users/zhongming/APP/Udacity-SelfDrvingCar/CarND-Kidnapped-Vehicle-Project/ide_profiles/xcode/build";
			};
			name = Release;
		};
		F9AE61BCCC0F4EBE80F300B4 /* MinSizeRel */ = {
			isa = XCBuildConfiguration;
			buildSettings = {
				COMBINE_HIDPI_IMAGES = YES;
				GCC_GENERATE_DEBUGGING_SYMBOLS = YES;
				GCC_INLINES_ARE_PRIVATE_EXTERN = NO;
				GCC_OPTIMIZATION_LEVEL = 0;
				GCC_PREPROCESSOR_DEFINITIONS = "'CMAKE_INTDIR=\"$(CONFIGURATION)$(EFFECTIVE_PLATFORM_NAME)\"'";
				GCC_SYMBOLS_PRIVATE_EXTERN = NO;
				HEADER_SEARCH_PATHS = (
					/usr/local/include,
					/usr/local/opt/openssl/include,
				);
				INSTALL_PATH = "";
				OTHER_LDFLAGS = " ";
				OTHER_REZFLAGS = "";
				PRODUCT_NAME = ALL_BUILD;
				SECTORDER_FLAGS = "";
				SYMROOT = "/Users/zhongming/APP/Udacity-SelfDrvingCar/CarND-Kidnapped-Vehicle-Project/ide_profiles/xcode";
				USE_HEADERMAP = NO;
				WARNING_CFLAGS = (
					"-Wmost",
					"-Wno-four-char-constants",
					"-Wno-unknown-pragmas",
					"$(inherited)",
				);
			};
			name = MinSizeRel;
		};
/* End XCBuildConfiguration section */

/* Begin XCConfigurationList section */
		10E97042A61247EEB39EF8C8 /* Build configuration list for PBXAggregateTarget "ZERO_CHECK" */ = {
			isa = XCConfigurationList;
			buildConfigurations = (
				374A144E4A804184A74CDFFD /* Debug */,
				77730AD15FE34B68B01E239B /* Release */,
				AF61114750C94CC2B143425E /* MinSizeRel */,
				E43C88417E104475A2058825 /* RelWithDebInfo */,
			);
			defaultConfigurationIsVisible = 0;
			defaultConfigurationName = Debug;
		};
		781613B00E2D4BD59BEE9EB3 /* Build configuration list for PBXProject "PARTICLE_FILTER" */ = {
			isa = XCConfigurationList;
			buildConfigurations = (
				0DCD9BA07F6143ED9091EAA5 /* Debug */,
				E51E81576A1A4C779E7B65B2 /* Release */,
				5AAA118305214FAFAE08BC44 /* MinSizeRel */,
				19C44FC45A8D4CF4AA3E14A2 /* RelWithDebInfo */,
			);
			defaultConfigurationIsVisible = 0;
			defaultConfigurationName = Debug;
		};
		7824877E0346420BA2FB718C /* Build configuration list for PBXNativeTarget "particle_filter" */ = {
			isa = XCConfigurationList;
			buildConfigurations = (
				4DAD3625AD4C4883AF431E16 /* Debug */,
				3C21E9C3A7034D68A06D2F32 /* Release */,
				4E13ED6FD2574D8A8EF4497C /* MinSizeRel */,
				4DF7DA5B635B45F79CE83E61 /* RelWithDebInfo */,
			);
			defaultConfigurationIsVisible = 0;
			defaultConfigurationName = Debug;
		};
		896BA666DD01492694BB4090 /* Build configuration list for PBXAggregateTarget "ALL_BUILD" */ = {
			isa = XCConfigurationList;
			buildConfigurations = (
				8DDC00BCBD3E4492A5EB89DA /* Debug */,
				56653FA35D6E4B02857E9AD2 /* Release */,
				F9AE61BCCC0F4EBE80F300B4 /* MinSizeRel */,
				9C74AF4C83E64BA8AA38DEA0 /* RelWithDebInfo */,
			);
			defaultConfigurationIsVisible = 0;
			defaultConfigurationName = Debug;
		};
/* End XCConfigurationList section */
	};
	rootObject = 702AC7C317954132BF5F476A /* Project object */;
}
